
Microsoft Visual Studio Solution File, Format Version 12.00
# Visual Studio Version 17
VisualStudioVersion = 17.3.32819.101
MinimumVisualStudioVersion = 10.0.40219.1
Project("{FAE04EC0-301F-11D3-BF4B-00C04F79EFBC}") = "NhlSystemClassLibrary", "NhlSystemClassLibrary\NhlSystemClassLibrary.csproj", "{EE5A451C-72DD-44CA-82B1-F411C3CD2C02}"
EndProject
Global
	GlobalSection(SolutionConfigurationPlatforms) = preSolution
		Debug|Any CPU = Debug|Any CPU
		Release|Any CPU = Release|Any CPU
	EndGlobalSection
	GlobalSection(ProjectConfigurationPlatforms) = postSolution
		{EE5A451C-72DD-44CA-82B1-F411C3CD2C02}.Debug|Any CPU.ActiveCfg = Debug|Any CPU
		{EE5A451C-72DD-44CA-82B1-F411C3CD2C02}.Debug|Any CPU.Build.0 = Debug|Any CPU
		{EE5A451C-72DD-44CA-82B1-F411C3CD2C02}.Release|Any CPU.ActiveCfg = Release|Any CPU
		{EE5A451C-72DD-44CA-82B1-F411C3CD2C02}.Release|Any CPU.Build.0 = Release|Any CPU
	EndGlobalSection
	GlobalSection(SolutionProperties) = preSolution
		HideSolutionNode = FALSE
	EndGlobalSection
	GlobalSection(ExtensibilityGlobals) = postSolution
		SolutionGuid = {5814BFBC-FFC3-467B-8180-F30156729D5A}
	EndGlobalSection
EndGlobal
